
Microsoft Visual Studio Solution File, Format Version 12.00
# Visual Studio Version 16
VisualStudioVersion = 16.0.28922.388
MinimumVisualStudioVersion = 10.0.40219.1
Project("{FAE04EC0-301F-11D3-BF4B-00C04F79EFBC}") = "Sınıf_Atama", "Sınıf_Atama\Sınıf_Atama.csproj", "{F619D17E-A127-4077-AE46-6E71F815980F}"
EndProject
Global
	GlobalSection(SolutionConfigurationPlatforms) = preSolution
		Debug|Any CPU = Debug|Any CPU
		Release|Any CPU = Release|Any CPU
	EndGlobalSection
	GlobalSection(ProjectConfigurationPlatforms) = postSolution
		{F619D17E-A127-4077-AE46-6E71F815980F}.Debug|Any CPU.ActiveCfg = Debug|Any CPU
		{F619D17E-A127-4077-AE46-6E71F815980F}.Debug|Any CPU.Build.0 = Debug|Any CPU
		{F619D17E-A127-4077-AE46-6E71F815980F}.Release|Any CPU.ActiveCfg = Release|Any CPU
		{F619D17E-A127-4077-AE46-6E71F815980F}.Release|Any CPU.Build.0 = Release|Any CPU
	EndGlobalSection
	GlobalSection(SolutionProperties) = preSolution
		HideSolutionNode = FALSE
	EndGlobalSection
	GlobalSection(ExtensibilityGlobals) = postSolution
		SolutionGuid = {EF004C27-7DDB-43F6-90E2-A3E92987928E}
	EndGlobalSection
EndGlobal
